
Microsoft Visual Studio Solution File, Format Version 12.00
# Visual Studio Version 17
VisualStudioVersion = 17.3.32929.385
MinimumVisualStudioVersion = 10.0.40219.1
Project("{FAE04EC0-301F-11D3-BF4B-00C04F79EFBC}") = "Myapp1", "Myapp1\Myapp1.csproj", "{3A6C5980-33AD-4939-BDAA-C1F7034478D4}"
EndProject
Global
	GlobalSection(SolutionConfigurationPlatforms) = preSolution
		Debug|Any CPU = Debug|Any CPU
		Release|Any CPU = Release|Any CPU
	EndGlobalSection
	GlobalSection(ProjectConfigurationPlatforms) = postSolution
		{3A6C5980-33AD-4939-BDAA-C1F7034478D4}.Debug|Any CPU.ActiveCfg = Debug|Any CPU
		{3A6C5980-33AD-4939-BDAA-C1F7034478D4}.Debug|Any CPU.Build.0 = Debug|Any CPU
		{3A6C5980-33AD-4939-BDAA-C1F7034478D4}.Release|Any CPU.ActiveCfg = Release|Any CPU
		{3A6C5980-33AD-4939-BDAA-C1F7034478D4}.Release|Any CPU.Build.0 = Release|Any CPU
	EndGlobalSection
	GlobalSection(SolutionProperties) = preSolution
		HideSolutionNode = FALSE
	EndGlobalSection
	GlobalSection(ExtensibilityGlobals) = postSolution
		SolutionGuid = {F610AC6D-7AFA-45C3-B68C-947692F2CEC8}
	EndGlobalSection
EndGlobal
